// !$*UTF8*$!
{
	archiveVersion = 1;
	classes = {
	};
	objectVersion = 46;
	objects = {

/* Begin PBXBuildFile section */
		0407F7E61DD3BEC4008BEB7B /* back.jpg in Resources */ = {isa = PBXBuildFile; fileRef = 0407F7E01DD3BEC4008BEB7B /* back.jpg */; };
		0407F7E71DD3BEC4008BEB7B /* pause_button.png in Resources */ = {isa = PBXBuildFile; fileRef = 0407F7E11DD3BEC4008BEB7B /* pause_button.png */; };
		0407F7E81DD3BEC4008BEB7B /* next_button.png in Resources */ = {isa = PBXBuildFile; fileRef = 0407F7E21DD3BEC4008BEB7B /* next_button.png */; };
		0407F7E91DD3BEC4008BEB7B /* play_button.png in Resources */ = {isa = PBXBuildFile; fileRef = 0407F7E31DD3BEC4008BEB7B /* play_button.png */; };
		0407F7EA1DD3BEC4008BEB7B /* bottom_bar.png in Resources */ = {isa = PBXBuildFile; fileRef = 0407F7E41DD3BEC4008BEB7B /* bottom_bar.png */; };
		0407F7ED1DD3FB4B008BEB7B /* ownSlider.m in Sources */ = {isa = PBXBuildFile; fileRef = 0407F7EC1DD3FB4B008BEB7B /* ownSlider.m */; };
		0407F8001DD4B345008BEB7B /* RedmineAPI.m in Sources */ = {isa = PBXBuildFile; fileRef = 0407F7FF1DD4B345008BEB7B /* RedmineAPI.m */; };
		0407F8021DD4B360008BEB7B /* CFNetwork.framework in Frameworks */ = {isa = PBXBuildFile; fileRef = 0407F8011DD4B360008BEB7B /* CFNetwork.framework */; };
		0407F8061DD51DC1008BEB7B /* LaunchScreen.storyboard in Resources */ = {isa = PBXBuildFile; fileRef = 0407F8051DD51DC1008BEB7B /* LaunchScreen.storyboard */; };
		0407F80B1DD60BF8008BEB7B /* Reachability.m in Sources */ = {isa = PBXBuildFile; fileRef = 0407F8081DD60BF7008BEB7B /* Reachability.m */; };
		0407F80C1DD60BF8008BEB7B /* SHAlertHelper.m in Sources */ = {isa = PBXBuildFile; fileRef = 0407F80A1DD60BF7008BEB7B /* SHAlertHelper.m */; };
		0407F8191DD63FCF008BEB7B /* BJRangeSliderBlue.png in Resources */ = {isa = PBXBuildFile; fileRef = 0407F8171DD63FCF008BEB7B /* BJRangeSliderBlue.png */; };
		0407F81A1DD63FCF008BEB7B /* BJRangeSliderEmpty.png in Resources */ = {isa = PBXBuildFile; fileRef = 0407F8181DD63FCF008BEB7B /* BJRangeSliderEmpty.png */; };
		0407F81C1DD6BF09008BEB7B /* Main_iPad.storyboard in Resources */ = {isa = PBXBuildFile; fileRef = 0407F81B1DD6BF09008BEB7B /* Main_iPad.storyboard */; };
		0407F8271DD75CDE008BEB7B /* AVKit.framework in Frameworks */ = {isa = PBXBuildFile; fileRef = 0407F8261DD75CDE008BEB7B /* AVKit.framework */; };
		0407F8291DD7B6C1008BEB7B /* MediaPlayer.framework in Frameworks */ = {isa = PBXBuildFile; fileRef = 0407F8281DD7B6C1008BEB7B /* MediaPlayer.framework */; };
		0407F82B1DD7CBA1008BEB7B /* libsqlite3.tbd in Frameworks */ = {isa = PBXBuildFile; fileRef = 0407F82A1DD7CBA1008BEB7B /* libsqlite3.tbd */; };
		27819B4317BA18C70057E47C /* Foundation.framework in Frameworks */ = {isa = PBXBuildFile; fileRef = 27819B4217BA18C70057E47C /* Foundation.framework */; };
		27819B4517BA18C70057E47C /* CoreGraphics.framework in Frameworks */ = {isa = PBXBuildFile; fileRef = 27819B4417BA18C70057E47C /* CoreGraphics.framework */; };
		27819B4717BA18C70057E47C /* UIKit.framework in Frameworks */ = {isa = PBXBuildFile; fileRef = 27819B4617BA18C70057E47C /* UIKit.framework */; };
		27819B4D17BA18C70057E47C /* InfoPlist.strings in Resources */ = {isa = PBXBuildFile; fileRef = 27819B4B17BA18C70057E47C /* InfoPlist.strings */; };
		27819B4F17BA18C70057E47C /* main.m in Sources */ = {isa = PBXBuildFile; fileRef = 27819B4E17BA18C70057E47C /* main.m */; };
		27819B5317BA18C70057E47C /* AppDelegate.m in Sources */ = {isa = PBXBuildFile; fileRef = 27819B5217BA18C70057E47C /* AppDelegate.m */; };
		27819B5617BA18C70057E47C /* Main_iPhone.storyboard in Resources */ = {isa = PBXBuildFile; fileRef = 27819B5417BA18C70057E47C /* Main_iPhone.storyboard */; };
		27819B5C17BA18C70057E47C /* ViewController.m in Sources */ = {isa = PBXBuildFile; fileRef = 27819B5B17BA18C70057E47C /* ViewController.m */; };
		27819B5E17BA18C70057E47C /* Images.xcassets in Resources */ = {isa = PBXBuildFile; fileRef = 27819B5D17BA18C70057E47C /* Images.xcassets */; };
		27819B6617BA18C70057E47C /* Foundation.framework in Frameworks */ = {isa = PBXBuildFile; fileRef = 27819B4217BA18C70057E47C /* Foundation.framework */; };
		27819B6717BA18C70057E47C /* UIKit.framework in Frameworks */ = {isa = PBXBuildFile; fileRef = 27819B4617BA18C70057E47C /* UIKit.framework */; };
		27819B6F17BA18C70057E47C /* InfoPlist.strings in Resources */ = {isa = PBXBuildFile; fileRef = 27819B6D17BA18C70057E47C /* InfoPlist.strings */; };
		27819B7117BA18C70057E47C /* OwnRadioTests.m in Sources */ = {isa = PBXBuildFile; fileRef = 27819B7017BA18C70057E47C /* OwnRadioTests.m */; };
		CD1871841021A6375BDD3D61 /* libPods-OwnRadio.a in Frameworks */ = {isa = PBXBuildFile; fileRef = 0FCED324F7BDA6DC6E5E3D4A /* libPods-OwnRadio.a */; };
/* End PBXBuildFile section */

/* Begin PBXContainerItemProxy section */
		27819B6817BA18C70057E47C /* PBXContainerItemProxy */ = {
			isa = PBXContainerItemProxy;
			containerPortal = 27819B3717BA18C70057E47C /* Project object */;
			proxyType = 1;
			remoteGlobalIDString = 27819B3E17BA18C70057E47C;
			remoteInfo = AudioPlayerTemplate;
		};
/* End PBXContainerItemProxy section */

/* Begin PBXFileReference section */
		0407F7E01DD3BEC4008BEB7B /* back.jpg */ = {isa = PBXFileReference; lastKnownFileType = image.jpeg; path = back.jpg; sourceTree = "<group>"; };
		0407F7E11DD3BEC4008BEB7B /* pause_button.png */ = {isa = PBXFileReference; lastKnownFileType = image.png; path = pause_button.png; sourceTree = "<group>"; };
		0407F7E21DD3BEC4008BEB7B /* next_button.png */ = {isa = PBXFileReference; lastKnownFileType = image.png; path = next_button.png; sourceTree = "<group>"; };
		0407F7E31DD3BEC4008BEB7B /* play_button.png */ = {isa = PBXFileReference; lastKnownFileType = image.png; path = play_button.png; sourceTree = "<group>"; };
		0407F7E41DD3BEC4008BEB7B /* bottom_bar.png */ = {isa = PBXFileReference; lastKnownFileType = image.png; path = bottom_bar.png; sourceTree = "<group>"; };
		0407F7EB1DD3FB4B008BEB7B /* ownSlider.h */ = {isa = PBXFileReference; fileEncoding = 4; lastKnownFileType = sourcecode.c.h; path = ownSlider.h; sourceTree = "<group>"; };
		0407F7EC1DD3FB4B008BEB7B /* ownSlider.m */ = {isa = PBXFileReference; fileEncoding = 4; lastKnownFileType = sourcecode.c.objc; path = ownSlider.m; sourceTree = "<group>"; };
		0407F7FE1DD4B345008BEB7B /* RedmineAPI.h */ = {isa = PBXFileReference; fileEncoding = 4; lastKnownFileType = sourcecode.c.h; path = RedmineAPI.h; sourceTree = "<group>"; };
		0407F7FF1DD4B345008BEB7B /* RedmineAPI.m */ = {isa = PBXFileReference; fileEncoding = 4; lastKnownFileType = sourcecode.c.objc; path = RedmineAPI.m; sourceTree = "<group>"; };
		0407F8011DD4B360008BEB7B /* CFNetwork.framework */ = {isa = PBXFileReference; lastKnownFileType = wrapper.framework; name = CFNetwork.framework; path = System/Library/Frameworks/CFNetwork.framework; sourceTree = SDKROOT; };
		0407F8051DD51DC1008BEB7B /* LaunchScreen.storyboard */ = {isa = PBXFileReference; fileEncoding = 4; lastKnownFileType = file.storyboard; path = LaunchScreen.storyboard; sourceTree = "<group>"; };
		0407F8071DD60BF7008BEB7B /* Reachability.h */ = {isa = PBXFileReference; fileEncoding = 4; lastKnownFileType = sourcecode.c.h; path = Reachability.h; sourceTree = "<group>"; };
		0407F8081DD60BF7008BEB7B /* Reachability.m */ = {isa = PBXFileReference; fileEncoding = 4; lastKnownFileType = sourcecode.c.objc; path = Reachability.m; sourceTree = "<group>"; };
		0407F8091DD60BF7008BEB7B /* SHAlertHelper.h */ = {isa = PBXFileReference; fileEncoding = 4; lastKnownFileType = sourcecode.c.h; path = SHAlertHelper.h; sourceTree = "<group>"; };
		0407F80A1DD60BF7008BEB7B /* SHAlertHelper.m */ = {isa = PBXFileReference; fileEncoding = 4; lastKnownFileType = sourcecode.c.objc; path = SHAlertHelper.m; sourceTree = "<group>"; };
		0407F8171DD63FCF008BEB7B /* BJRangeSliderBlue.png */ = {isa = PBXFileReference; lastKnownFileType = image.png; path = BJRangeSliderBlue.png; sourceTree = "<group>"; };
		0407F8181DD63FCF008BEB7B /* BJRangeSliderEmpty.png */ = {isa = PBXFileReference; lastKnownFileType = image.png; path = BJRangeSliderEmpty.png; sourceTree = "<group>"; };
		0407F81B1DD6BF09008BEB7B /* Main_iPad.storyboard */ = {isa = PBXFileReference; fileEncoding = 4; lastKnownFileType = file.storyboard; path = Main_iPad.storyboard; sourceTree = "<group>"; };
		0407F8261DD75CDE008BEB7B /* AVKit.framework */ = {isa = PBXFileReference; lastKnownFileType = wrapper.framework; name = AVKit.framework; path = System/Library/Frameworks/AVKit.framework; sourceTree = SDKROOT; };
		0407F8281DD7B6C1008BEB7B /* MediaPlayer.framework */ = {isa = PBXFileReference; lastKnownFileType = wrapper.framework; name = MediaPlayer.framework; path = System/Library/Frameworks/MediaPlayer.framework; sourceTree = SDKROOT; };
		0407F82A1DD7CBA1008BEB7B /* libsqlite3.tbd */ = {isa = PBXFileReference; lastKnownFileType = "sourcecode.text-based-dylib-definition"; name = libsqlite3.tbd; path = usr/lib/libsqlite3.tbd; sourceTree = SDKROOT; };
		0FCED324F7BDA6DC6E5E3D4A /* libPods-OwnRadio.a */ = {isa = PBXFileReference; explicitFileType = archive.ar; includeInIndex = 0; path = "libPods-OwnRadio.a"; sourceTree = BUILT_PRODUCTS_DIR; };
		27819B3F17BA18C70057E47C /* OwnRadio.app */ = {isa = PBXFileReference; explicitFileType = wrapper.application; includeInIndex = 0; path = OwnRadio.app; sourceTree = BUILT_PRODUCTS_DIR; };
		27819B4217BA18C70057E47C /* Foundation.framework */ = {isa = PBXFileReference; lastKnownFileType = wrapper.framework; name = Foundation.framework; path = System/Library/Frameworks/Foundation.framework; sourceTree = SDKROOT; };
		27819B4417BA18C70057E47C /* CoreGraphics.framework */ = {isa = PBXFileReference; lastKnownFileType = wrapper.framework; name = CoreGraphics.framework; path = System/Library/Frameworks/CoreGraphics.framework; sourceTree = SDKROOT; };
		27819B4617BA18C70057E47C /* UIKit.framework */ = {isa = PBXFileReference; lastKnownFileType = wrapper.framework; name = UIKit.framework; path = System/Library/Frameworks/UIKit.framework; sourceTree = SDKROOT; };
		27819B4A17BA18C70057E47C /* OwnAudio-Info.plist */ = {isa = PBXFileReference; lastKnownFileType = text.plist.xml; path = "OwnAudio-Info.plist"; sourceTree = "<group>"; };
		27819B4C17BA18C70057E47C /* en */ = {isa = PBXFileReference; lastKnownFileType = text.plist.strings; name = en; path = en.lproj/InfoPlist.strings; sourceTree = "<group>"; };
		27819B4E17BA18C70057E47C /* main.m */ = {isa = PBXFileReference; lastKnownFileType = sourcecode.c.objc; path = main.m; sourceTree = "<group>"; };
		27819B5017BA18C70057E47C /* OwnRadio-Prefix.pch */ = {isa = PBXFileReference; lastKnownFileType = sourcecode.c.h; path = "OwnRadio-Prefix.pch"; sourceTree = "<group>"; };
		27819B5117BA18C70057E47C /* AppDelegate.h */ = {isa = PBXFileReference; lastKnownFileType = sourcecode.c.h; path = AppDelegate.h; sourceTree = "<group>"; };
		27819B5217BA18C70057E47C /* AppDelegate.m */ = {isa = PBXFileReference; lastKnownFileType = sourcecode.c.objc; path = AppDelegate.m; sourceTree = "<group>"; };
		27819B5517BA18C70057E47C /* Base */ = {isa = PBXFileReference; lastKnownFileType = file.storyboard; name = Base; path = Base.lproj/Main_iPhone.storyboard; sourceTree = "<group>"; };
		27819B5A17BA18C70057E47C /* ViewController.h */ = {isa = PBXFileReference; lastKnownFileType = sourcecode.c.h; path = ViewController.h; sourceTree = "<group>"; };
		27819B5B17BA18C70057E47C /* ViewController.m */ = {isa = PBXFileReference; lastKnownFileType = sourcecode.c.objc; path = ViewController.m; sourceTree = "<group>"; };
		27819B5D17BA18C70057E47C /* Images.xcassets */ = {isa = PBXFileReference; lastKnownFileType = folder.assetcatalog; path = Images.xcassets; sourceTree = "<group>"; };
		27819B6317BA18C70057E47C /* OwnRadioTests.xctest */ = {isa = PBXFileReference; explicitFileType = wrapper.cfbundle; includeInIndex = 0; path = OwnRadioTests.xctest; sourceTree = BUILT_PRODUCTS_DIR; };
		27819B6C17BA18C70057E47C /* OwnRadioTests-Info.plist */ = {isa = PBXFileReference; lastKnownFileType = text.plist.xml; path = "OwnRadioTests-Info.plist"; sourceTree = "<group>"; };
		27819B6E17BA18C70057E47C /* en */ = {isa = PBXFileReference; lastKnownFileType = text.plist.strings; name = en; path = en.lproj/InfoPlist.strings; sourceTree = "<group>"; };
		27819B7017BA18C70057E47C /* OwnRadioTests.m */ = {isa = PBXFileReference; lastKnownFileType = sourcecode.c.objc; path = OwnRadioTests.m; sourceTree = "<group>"; };
		B8D93AB302541254D8FC53D5 /* Pods-OwnRadio.release.xcconfig */ = {isa = PBXFileReference; includeInIndex = 1; lastKnownFileType = text.xcconfig; name = "Pods-OwnRadio.release.xcconfig"; path = "Pods/Target Support Files/Pods-OwnRadio/Pods-OwnRadio.release.xcconfig"; sourceTree = "<group>"; };
		EF850CD84B8A6186CCBF3467 /* Pods-OwnRadio.debug.xcconfig */ = {isa = PBXFileReference; includeInIndex = 1; lastKnownFileType = text.xcconfig; name = "Pods-OwnRadio.debug.xcconfig"; path = "Pods/Target Support Files/Pods-OwnRadio/Pods-OwnRadio.debug.xcconfig"; sourceTree = "<group>"; };
/* End PBXFileReference section */

/* Begin PBXFrameworksBuildPhase section */
		27819B3C17BA18C70057E47C /* Frameworks */ = {
			isa = PBXFrameworksBuildPhase;
			buildActionMask = 2147483647;
			files = (
				0407F82B1DD7CBA1008BEB7B /* libsqlite3.tbd in Frameworks */,
				0407F8291DD7B6C1008BEB7B /* MediaPlayer.framework in Frameworks */,
				0407F8271DD75CDE008BEB7B /* AVKit.framework in Frameworks */,
				0407F8021DD4B360008BEB7B /* CFNetwork.framework in Frameworks */,
				27819B4517BA18C70057E47C /* CoreGraphics.framework in Frameworks */,
				27819B4717BA18C70057E47C /* UIKit.framework in Frameworks */,
				27819B4317BA18C70057E47C /* Foundation.framework in Frameworks */,
				CD1871841021A6375BDD3D61 /* libPods-OwnRadio.a in Frameworks */,
			);
			runOnlyForDeploymentPostprocessing = 0;
		};
		27819B6017BA18C70057E47C /* Frameworks */ = {
			isa = PBXFrameworksBuildPhase;
			buildActionMask = 2147483647;
			files = (
				27819B6717BA18C70057E47C /* UIKit.framework in Frameworks */,
				27819B6617BA18C70057E47C /* Foundation.framework in Frameworks */,
			);
			runOnlyForDeploymentPostprocessing = 0;
		};
/* End PBXFrameworksBuildPhase section */

/* Begin PBXGroup section */
		0407F81D1DD6C480008BEB7B /* Networking */ = {
			isa = PBXGroup;
			children = (
				0407F8071DD60BF7008BEB7B /* Reachability.h */,
				0407F8081DD60BF7008BEB7B /* Reachability.m */,
				0407F8091DD60BF7008BEB7B /* SHAlertHelper.h */,
				0407F80A1DD60BF7008BEB7B /* SHAlertHelper.m */,
				0407F7FE1DD4B345008BEB7B /* RedmineAPI.h */,
				0407F7FF1DD4B345008BEB7B /* RedmineAPI.m */,
			);
			name = Networking;
			sourceTree = "<group>";
		};
		27819B3617BA18C70057E47C = {
			isa = PBXGroup;
			children = (
				27819B4817BA18C70057E47C /* OwnRadio */,
				27819B6A17BA18C70057E47C /* OwnRadioTests */,
				27819B4117BA18C70057E47C /* Frameworks */,
				27819B4017BA18C70057E47C /* Products */,
				ECBB974131D07F6F3C03D1BF /* Pods */,
			);
			sourceTree = "<group>";
		};
		27819B4017BA18C70057E47C /* Products */ = {
			isa = PBXGroup;
			children = (
				27819B3F17BA18C70057E47C /* OwnRadio.app */,
				27819B6317BA18C70057E47C /* OwnRadioTests.xctest */,
			);
			name = Products;
			sourceTree = "<group>";
		};
		27819B4117BA18C70057E47C /* Frameworks */ = {
			isa = PBXGroup;
			children = (
				0407F82A1DD7CBA1008BEB7B /* libsqlite3.tbd */,
				0407F8281DD7B6C1008BEB7B /* MediaPlayer.framework */,
				0407F8261DD75CDE008BEB7B /* AVKit.framework */,
				0407F8011DD4B360008BEB7B /* CFNetwork.framework */,
				27819B4217BA18C70057E47C /* Foundation.framework */,
				27819B4417BA18C70057E47C /* CoreGraphics.framework */,
				27819B4617BA18C70057E47C /* UIKit.framework */,
				0FCED324F7BDA6DC6E5E3D4A /* libPods-OwnRadio.a */,
			);
			name = Frameworks;
			sourceTree = "<group>";
		};
		27819B4817BA18C70057E47C /* OwnRadio */ = {
			isa = PBXGroup;
			children = (
				27FD548317BA208400086300 /* Slider */,
				27819B5117BA18C70057E47C /* AppDelegate.h */,
				27819B5217BA18C70057E47C /* AppDelegate.m */,
				0407F81D1DD6C480008BEB7B /* Networking */,
				0407F8051DD51DC1008BEB7B /* LaunchScreen.storyboard */,
				27819B5417BA18C70057E47C /* Main_iPhone.storyboard */,
				0407F81B1DD6BF09008BEB7B /* Main_iPad.storyboard */,
				27819B5A17BA18C70057E47C /* ViewController.h */,
				27819B5B17BA18C70057E47C /* ViewController.m */,
				27819B5D17BA18C70057E47C /* Images.xcassets */,
				27819B4917BA18C70057E47C /* Supporting Files */,
			);
			name = OwnRadio;
			path = AudioPlayerTemplate;
			sourceTree = "<group>";
		};
		27819B4917BA18C70057E47C /* Supporting Files */ = {
			isa = PBXGroup;
			children = (
				0407F8171DD63FCF008BEB7B /* BJRangeSliderBlue.png */,
				0407F8181DD63FCF008BEB7B /* BJRangeSliderEmpty.png */,
				0407F7E01DD3BEC4008BEB7B /* back.jpg */,
				0407F7E11DD3BEC4008BEB7B /* pause_button.png */,
				0407F7E21DD3BEC4008BEB7B /* next_button.png */,
				0407F7E31DD3BEC4008BEB7B /* play_button.png */,
				0407F7E41DD3BEC4008BEB7B /* bottom_bar.png */,
				27819B4A17BA18C70057E47C /* OwnAudio-Info.plist */,
				27819B4B17BA18C70057E47C /* InfoPlist.strings */,
				27819B4E17BA18C70057E47C /* main.m */,
				27819B5017BA18C70057E47C /* OwnRadio-Prefix.pch */,
			);
			name = "Supporting Files";
			sourceTree = "<group>";
		};
		27819B6A17BA18C70057E47C /* OwnRadioTests */ = {
			isa = PBXGroup;
			children = (
				27819B7017BA18C70057E47C /* OwnRadioTests.m */,
				27819B6B17BA18C70057E47C /* Supporting Files */,
			);
			name = OwnRadioTests;
			path = AudioPlayerTemplateTests;
			sourceTree = "<group>";
		};
		27819B6B17BA18C70057E47C /* Supporting Files */ = {
			isa = PBXGroup;
			children = (
				27819B6C17BA18C70057E47C /* OwnRadioTests-Info.plist */,
				27819B6D17BA18C70057E47C /* InfoPlist.strings */,
			);
			name = "Supporting Files";
			sourceTree = "<group>";
		};
		27FD548317BA208400086300 /* Slider */ = {
			isa = PBXGroup;
			children = (
				0407F7EB1DD3FB4B008BEB7B /* ownSlider.h */,
				0407F7EC1DD3FB4B008BEB7B /* ownSlider.m */,
			);
			name = Slider;
			sourceTree = "<group>";
		};
		ECBB974131D07F6F3C03D1BF /* Pods */ = {
			isa = PBXGroup;
			children = (
				EF850CD84B8A6186CCBF3467 /* Pods-OwnRadio.debug.xcconfig */,
				B8D93AB302541254D8FC53D5 /* Pods-OwnRadio.release.xcconfig */,
			);
			name = Pods;
			sourceTree = "<group>";
		};
/* End PBXGroup section */

/* Begin PBXNativeTarget section */
		27819B3E17BA18C70057E47C /* OwnRadio */ = {
			isa = PBXNativeTarget;
			buildConfigurationList = 27819B7417BA18C70057E47C /* Build configuration list for PBXNativeTarget "OwnRadio" */;
			buildPhases = (
				6C4592F2BFE2B08C43A4D657 /* [CP] Check Pods Manifest.lock */,
				27819B3B17BA18C70057E47C /* Sources */,
				27819B3C17BA18C70057E47C /* Frameworks */,
				27819B3D17BA18C70057E47C /* Resources */,
				3BAE543D611CD6EE28D70682 /* [CP] Embed Pods Frameworks */,
				C05083E66894F2C49E06C52F /* [CP] Copy Pods Resources */,
			);
			buildRules = (
			);
			dependencies = (
			);
			name = OwnRadio;
			productName = AudioPlayerTemplate;
			productReference = 27819B3F17BA18C70057E47C /* OwnRadio.app */;
			productType = "com.apple.product-type.application";
		};
		27819B6217BA18C70057E47C /* OwnRadioTests */ = {
			isa = PBXNativeTarget;
			buildConfigurationList = 27819B7717BA18C70057E47C /* Build configuration list for PBXNativeTarget "OwnRadioTests" */;
			buildPhases = (
				27819B5F17BA18C70057E47C /* Sources */,
				27819B6017BA18C70057E47C /* Frameworks */,
				27819B6117BA18C70057E47C /* Resources */,
			);
			buildRules = (
			);
			dependencies = (
				27819B6917BA18C70057E47C /* PBXTargetDependency */,
			);
			name = OwnRadioTests;
			productName = AudioPlayerTemplateTests;
			productReference = 27819B6317BA18C70057E47C /* OwnRadioTests.xctest */;
			productType = "com.apple.product-type.bundle.unit-test";
		};
/* End PBXNativeTarget section */

/* Begin PBXProject section */
		27819B3717BA18C70057E47C /* Project object */ = {
			isa = PBXProject;
			attributes = {
				LastUpgradeCheck = 0810;
				ORGANIZATIONNAME = "ymc-thzi";
				TargetAttributes = {
					27819B3E17BA18C70057E47C = {
						DevelopmentTeam = 24UXUZL3BT;
						SystemCapabilities = {
							com.apple.BackgroundModes = {
								enabled = 1;
							};
						};
					};
					27819B6217BA18C70057E47C = {
						DevelopmentTeam = 24UXUZL3BT;
						TestTargetID = 27819B3E17BA18C70057E47C;
					};
				};
			};
			buildConfigurationList = 27819B3A17BA18C70057E47C /* Build configuration list for PBXProject "OwnRadio" */;
			compatibilityVersion = "Xcode 3.2";
			developmentRegion = English;
			hasScannedForEncodings = 0;
			knownRegions = (
				en,
				Base,
			);
			mainGroup = 27819B3617BA18C70057E47C;
			productRefGroup = 27819B4017BA18C70057E47C /* Products */;
			projectDirPath = "";
			projectRoot = "";
			targets = (
				27819B3E17BA18C70057E47C /* OwnRadio */,
				27819B6217BA18C70057E47C /* OwnRadioTests */,
			);
		};
/* End PBXProject section */

/* Begin PBXResourcesBuildPhase section */
		27819B3D17BA18C70057E47C /* Resources */ = {
			isa = PBXResourcesBuildPhase;
			buildActionMask = 2147483647;
			files = (
				27819B5E17BA18C70057E47C /* Images.xcassets in Resources */,
				27819B5617BA18C70057E47C /* Main_iPhone.storyboard in Resources */,
				0407F7E71DD3BEC4008BEB7B /* pause_button.png in Resources */,
				0407F81C1DD6BF09008BEB7B /* Main_iPad.storyboard in Resources */,
				0407F7EA1DD3BEC4008BEB7B /* bottom_bar.png in Resources */,
				27819B4D17BA18C70057E47C /* InfoPlist.strings in Resources */,
				0407F7E81DD3BEC4008BEB7B /* next_button.png in Resources */,
				0407F7E61DD3BEC4008BEB7B /* back.jpg in Resources */,
				0407F81A1DD63FCF008BEB7B /* BJRangeSliderEmpty.png in Resources */,
				0407F7E91DD3BEC4008BEB7B /* play_button.png in Resources */,
				0407F8191DD63FCF008BEB7B /* BJRangeSliderBlue.png in Resources */,
				0407F8061DD51DC1008BEB7B /* LaunchScreen.storyboard in Resources */,
			);
			runOnlyForDeploymentPostprocessing = 0;
		};
		27819B6117BA18C70057E47C /* Resources */ = {
			isa = PBXResourcesBuildPhase;
			buildActionMask = 2147483647;
			files = (
				27819B6F17BA18C70057E47C /* InfoPlist.strings in Resources */,
			);
			runOnlyForDeploymentPostprocessing = 0;
		};
/* End PBXResourcesBuildPhase section */

/* Begin PBXShellScriptBuildPhase section */
		3BAE543D611CD6EE28D70682 /* [CP] Embed Pods Frameworks */ = {
			isa = PBXShellScriptBuildPhase;
			buildActionMask = 2147483647;
			files = (
			);
			inputPaths = (
			);
			name = "[CP] Embed Pods Frameworks";
			outputPaths = (
			);
			runOnlyForDeploymentPostprocessing = 0;
			shellPath = /bin/sh;
			shellScript = "\"${SRCROOT}/Pods/Target Support Files/Pods-OwnRadio/Pods-OwnRadio-frameworks.sh\"\n";
			showEnvVarsInLog = 0;
		};
		6C4592F2BFE2B08C43A4D657 /* [CP] Check Pods Manifest.lock */ = {
			isa = PBXShellScriptBuildPhase;
			buildActionMask = 2147483647;
			files = (
			);
			inputPaths = (
			);
			name = "[CP] Check Pods Manifest.lock";
			outputPaths = (
			);
			runOnlyForDeploymentPostprocessing = 0;
			shellPath = /bin/sh;
			shellScript = "diff \"${PODS_ROOT}/../Podfile.lock\" \"${PODS_ROOT}/Manifest.lock\" > /dev/null\nif [[ $? != 0 ]] ; then\n    cat << EOM\nerror: The sandbox is not in sync with the Podfile.lock. Run 'pod install' or update your CocoaPods installation.\nEOM\n    exit 1\nfi\n";
			showEnvVarsInLog = 0;
		};
		C05083E66894F2C49E06C52F /* [CP] Copy Pods Resources */ = {
			isa = PBXShellScriptBuildPhase;
			buildActionMask = 2147483647;
			files = (
			);
			inputPaths = (
			);
			name = "[CP] Copy Pods Resources";
			outputPaths = (
			);
			runOnlyForDeploymentPostprocessing = 0;
			shellPath = /bin/sh;
			shellScript = "\"${SRCROOT}/Pods/Target Support Files/Pods-OwnRadio/Pods-OwnRadio-resources.sh\"\n";
			showEnvVarsInLog = 0;
		};
/* End PBXShellScriptBuildPhase section */

/* Begin PBXSourcesBuildPhase section */
		27819B3B17BA18C70057E47C /* Sources */ = {
			isa = PBXSourcesBuildPhase;
			buildActionMask = 2147483647;
			files = (
				27819B5C17BA18C70057E47C /* ViewController.m in Sources */,
				0407F7ED1DD3FB4B008BEB7B /* ownSlider.m in Sources */,
				27819B5317BA18C70057E47C /* AppDelegate.m in Sources */,
				0407F80B1DD60BF8008BEB7B /* Reachability.m in Sources */,
				27819B4F17BA18C70057E47C /* main.m in Sources */,
				0407F80C1DD60BF8008BEB7B /* SHAlertHelper.m in Sources */,
				0407F8001DD4B345008BEB7B /* RedmineAPI.m in Sources */,
			);
			runOnlyForDeploymentPostprocessing = 0;
		};
		27819B5F17BA18C70057E47C /* Sources */ = {
			isa = PBXSourcesBuildPhase;
			buildActionMask = 2147483647;
			files = (
				27819B7117BA18C70057E47C /* OwnRadioTests.m in Sources */,
			);
			runOnlyForDeploymentPostprocessing = 0;
		};
/* End PBXSourcesBuildPhase section */

/* Begin PBXTargetDependency section */
		27819B6917BA18C70057E47C /* PBXTargetDependency */ = {
			isa = PBXTargetDependency;
			target = 27819B3E17BA18C70057E47C /* OwnRadio */;
			targetProxy = 27819B6817BA18C70057E47C /* PBXContainerItemProxy */;
		};
/* End PBXTargetDependency section */

/* Begin PBXVariantGroup section */
		27819B4B17BA18C70057E47C /* InfoPlist.strings */ = {
			isa = PBXVariantGroup;
			children = (
				27819B4C17BA18C70057E47C /* en */,
			);
			name = InfoPlist.strings;
			sourceTree = "<group>";
		};
		27819B5417BA18C70057E47C /* Main_iPhone.storyboard */ = {
			isa = PBXVariantGroup;
			children = (
				27819B5517BA18C70057E47C /* Base */,
			);
			name = Main_iPhone.storyboard;
			sourceTree = "<group>";
		};
		27819B6D17BA18C70057E47C /* InfoPlist.strings */ = {
			isa = PBXVariantGroup;
			children = (
				27819B6E17BA18C70057E47C /* en */,
			);
			name = InfoPlist.strings;
			sourceTree = "<group>";
		};
/* End PBXVariantGroup section */

/* Begin XCBuildConfiguration section */
		27819B7217BA18C70057E47C /* Debug */ = {
			isa = XCBuildConfiguration;
			buildSettings = {
				ALWAYS_SEARCH_USER_PATHS = NO;
				CLANG_CXX_LANGUAGE_STANDARD = "gnu++0x";
				CLANG_CXX_LIBRARY = "libc++";
				CLANG_ENABLE_MODULES = YES;
				CLANG_ENABLE_OBJC_ARC = YES;
				CLANG_WARN_BOOL_CONVERSION = YES;
				CLANG_WARN_CONSTANT_CONVERSION = YES;
				CLANG_WARN_DIRECT_OBJC_ISA_USAGE = YES_ERROR;
				CLANG_WARN_EMPTY_BODY = YES;
				CLANG_WARN_ENUM_CONVERSION = YES;
				CLANG_WARN_INFINITE_RECURSION = YES;
				CLANG_WARN_INT_CONVERSION = YES;
				CLANG_WARN_OBJC_ROOT_CLASS = YES_ERROR;
				CLANG_WARN_SUSPICIOUS_MOVE = YES;
				CLANG_WARN_UNREACHABLE_CODE = YES;
				CLANG_WARN__DUPLICATE_METHOD_MATCH = YES;
				"CODE_SIGN_IDENTITY[sdk=iphoneos*]" = "iPhone Developer";
				COPY_PHASE_STRIP = NO;
				ENABLE_STRICT_OBJC_MSGSEND = YES;
				ENABLE_TESTABILITY = YES;
				GCC_C_LANGUAGE_STANDARD = gnu99;
				GCC_DYNAMIC_NO_PIC = NO;
				GCC_NO_COMMON_BLOCKS = YES;
				GCC_OPTIMIZATION_LEVEL = 0;
				GCC_PREPROCESSOR_DEFINITIONS = (
					"DEBUG=1",
					"$(inherited)",
				);
				GCC_SYMBOLS_PRIVATE_EXTERN = NO;
				GCC_WARN_64_TO_32_BIT_CONVERSION = YES;
				GCC_WARN_ABOUT_RETURN_TYPE = YES_ERROR;
				GCC_WARN_UNDECLARED_SELECTOR = YES;
				GCC_WARN_UNINITIALIZED_AUTOS = YES;
				GCC_WARN_UNUSED_FUNCTION = YES;
				GCC_WARN_UNUSED_VARIABLE = YES;
				IPHONEOS_DEPLOYMENT_TARGET = 10.0;
				ONLY_ACTIVE_ARCH = YES;
				SDKROOT = iphoneos;
				TARGETED_DEVICE_FAMILY = "1,2";
			};
			name = Debug;
		};
		27819B7317BA18C70057E47C /* Release */ = {
			isa = XCBuildConfiguration;
			buildSettings = {
				ALWAYS_SEARCH_USER_PATHS = NO;
				CLANG_CXX_LANGUAGE_STANDARD = "gnu++0x";
				CLANG_CXX_LIBRARY = "libc++";
				CLANG_ENABLE_MODULES = YES;
				CLANG_ENABLE_OBJC_ARC = YES;
				CLANG_WARN_BOOL_CONVERSION = YES;
				CLANG_WARN_CONSTANT_CONVERSION = YES;
				CLANG_WARN_DIRECT_OBJC_ISA_USAGE = YES_ERROR;
				CLANG_WARN_EMPTY_BODY = YES;
				CLANG_WARN_ENUM_CONVERSION = YES;
				CLANG_WARN_INFINITE_RECURSION = YES;
				CLANG_WARN_INT_CONVERSION = YES;
				CLANG_WARN_OBJC_ROOT_CLASS = YES_ERROR;
				CLANG_WARN_SUSPICIOUS_MOVE = YES;
				CLANG_WARN_UNREACHABLE_CODE = YES;
				CLANG_WARN__DUPLICATE_METHOD_MATCH = YES;
				"CODE_SIGN_IDENTITY[sdk=iphoneos*]" = "iPhone Developer";
				COPY_PHASE_STRIP = YES;
				ENABLE_NS_ASSERTIONS = NO;
				ENABLE_STRICT_OBJC_MSGSEND = YES;
				GCC_C_LANGUAGE_STANDARD = gnu99;
				GCC_NO_COMMON_BLOCKS = YES;
				GCC_WARN_64_TO_32_BIT_CONVERSION = YES;
				GCC_WARN_ABOUT_RETURN_TYPE = YES_ERROR;
				GCC_WARN_UNDECLARED_SELECTOR = YES;
				GCC_WARN_UNINITIALIZED_AUTOS = YES;
				GCC_WARN_UNUSED_FUNCTION = YES;
				GCC_WARN_UNUSED_VARIABLE = YES;
				IPHONEOS_DEPLOYMENT_TARGET = 10.0;
				SDKROOT = iphoneos;
				TARGETED_DEVICE_FAMILY = "1,2";
				VALIDATE_PRODUCT = YES;
			};
			name = Release;
		};
		27819B7517BA18C70057E47C /* Debug */ = {
			isa = XCBuildConfiguration;
			baseConfigurationReference = EF850CD84B8A6186CCBF3467 /* Pods-OwnRadio.debug.xcconfig */;
			buildSettings = {
				ASSETCATALOG_COMPILER_APPICON_NAME = AppIcon;
				ASSETCATALOG_COMPILER_LAUNCHIMAGE_NAME = LaunchImage;
				DEVELOPMENT_TEAM = 24UXUZL3BT;
				FRAMEWORK_SEARCH_PATHS = (
					"$(inherited)",
					"$(PROJECT_DIR)",
				);
				GCC_PRECOMPILE_PREFIX_HEADER = YES;
				GCC_PREFIX_HEADER = "AudioPlayerTemplate/OwnRadio-Prefix.pch";
				INFOPLIST_FILE = "AudioPlayerTemplate/OwnRadio-Info.plist";
				IPHONEOS_DEPLOYMENT_TARGET = 10.0;
				PRODUCT_BUNDLE_IDENTIFIER = com.OwnRadio;
				PRODUCT_NAME = "$(TARGET_NAME)";
				TARGETED_DEVICE_FAMILY = "1,2";
				WRAPPER_EXTENSION = app;
			};
			name = Debug;
		};
		27819B7617BA18C70057E47C /* Release */ = {
			isa = XCBuildConfiguration;
			baseConfigurationReference = B8D93AB302541254D8FC53D5 /* Pods-OwnRadio.release.xcconfig */;
			buildSettings = {
				ASSETCATALOG_COMPILER_APPICON_NAME = AppIcon;
				ASSETCATALOG_COMPILER_LAUNCHIMAGE_NAME = LaunchImage;
				DEVELOPMENT_TEAM = 24UXUZL3BT;
				FRAMEWORK_SEARCH_PATHS = (
					"$(inherited)",
					"$(PROJECT_DIR)",
				);
				GCC_PRECOMPILE_PREFIX_HEADER = YES;
				GCC_PREFIX_HEADER = "AudioPlayerTemplate/OwnRadio-Prefix.pch";
				INFOPLIST_FILE = "AudioPlayerTemplate/OwnRadio-Info.plist";
				IPHONEOS_DEPLOYMENT_TARGET = 10.0;
				PRODUCT_BUNDLE_IDENTIFIER = com.OwnRadio;
				PRODUCT_NAME = "$(TARGET_NAME)";
				TARGETED_DEVICE_FAMILY = "1,2";
				WRAPPER_EXTENSION = app;
			};
			name = Release;
		};
		27819B7817BA18C70057E47C /* Debug */ = {
			isa = XCBuildConfiguration;
			buildSettings = {
				BUNDLE_LOADER = "$(BUILT_PRODUCTS_DIR)/AudioPlayerTemplate.app/AudioPlayerTemplate";
				DEVELOPMENT_TEAM = 24UXUZL3BT;
				FRAMEWORK_SEARCH_PATHS = (
					"$(SDKROOT)/Developer/Library/Frameworks",
					"$(inherited)",
					"$(DEVELOPER_FRAMEWORKS_DIR)",
				);
				GCC_PRECOMPILE_PREFIX_HEADER = YES;
				GCC_PREFIX_HEADER = "AudioPlayerTemplate/AudioPlayerTemplate-Prefix.pch";
				GCC_PREPROCESSOR_DEFINITIONS = (
					"DEBUG=1",
					"$(inherited)",
				);
				INFOPLIST_FILE = "AudioPlayerTemplateTests/OwnRadioTests-Info.plist";
				PRODUCT_BUNDLE_IDENTIFIER = "YMC.${PRODUCT_NAME:rfc1034identifier}";
				PRODUCT_NAME = "$(TARGET_NAME)";
				TEST_HOST = "$(BUNDLE_LOADER)";
				WRAPPER_EXTENSION = xctest;
			};
			name = Debug;
		};
		27819B7917BA18C70057E47C /* Release */ = {
			isa = XCBuildConfiguration;
			buildSettings = {
				BUNDLE_LOADER = "$(BUILT_PRODUCTS_DIR)/AudioPlayerTemplate.app/AudioPlayerTemplate";
				DEVELOPMENT_TEAM = 24UXUZL3BT;
				FRAMEWORK_SEARCH_PATHS = (
					"$(SDKROOT)/Developer/Library/Frameworks",
					"$(inherited)",
					"$(DEVELOPER_FRAMEWORKS_DIR)",
				);
				GCC_PRECOMPILE_PREFIX_HEADER = YES;
				GCC_PREFIX_HEADER = "AudioPlayerTemplate/AudioPlayerTemplate-Prefix.pch";
				INFOPLIST_FILE = "AudioPlayerTemplateTests/OwnRadioTests-Info.plist";
				PRODUCT_BUNDLE_IDENTIFIER = "YMC.${PRODUCT_NAME:rfc1034identifier}";
				PRODUCT_NAME = "$(TARGET_NAME)";
				TEST_HOST = "$(BUNDLE_LOADER)";
				WRAPPER_EXTENSION = xctest;
			};
			name = Release;
		};
/* End XCBuildConfiguration section */

/* Begin XCConfigurationList section */
		27819B3A17BA18C70057E47C /* Build configuration list for PBXProject "OwnRadio" */ = {
			isa = XCConfigurationList;
			buildConfigurations = (
				27819B7217BA18C70057E47C /* Debug */,
				27819B7317BA18C70057E47C /* Release */,
			);
			defaultConfigurationIsVisible = 0;
			defaultConfigurationName = Release;
		};
		27819B7417BA18C70057E47C /* Build configuration list for PBXNativeTarget "OwnRadio" */ = {
			isa = XCConfigurationList;
			buildConfigurations = (
				27819B7517BA18C70057E47C /* Debug */,
				27819B7617BA18C70057E47C /* Release */,
			);
			defaultConfigurationIsVisible = 0;
			defaultConfigurationName = Release;
		};
		27819B7717BA18C70057E47C /* Build configuration list for PBXNativeTarget "OwnRadioTests" */ = {
			isa = XCConfigurationList;
			buildConfigurations = (
				27819B7817BA18C70057E47C /* Debug */,
				27819B7917BA18C70057E47C /* Release */,
			);
			defaultConfigurationIsVisible = 0;
			defaultConfigurationName = Release;
		};
/* End XCConfigurationList section */
	};
	rootObject = 27819B3717BA18C70057E47C /* Project object */;
}
